<?xml version="1.0" encoding="utf-8"?>
<Project ToolsVersion="4.0" xmlns="http://schemas.microsoft.com/developer/msbuild/2003">
  <ItemGroup>
    <Filter Include="Resource Files">
      <UniqueIdentifier>{67DA6AB6-F800-4c08-8B7A-83BB121AAD01}</UniqueIdentifier>
      <Extensions>rc;ico;cur;bmp;dlg;rc2;rct;bin;rgs;gif;jpg;jpeg;jpe;resx;tiff;tif;png;wav;mfcribbon-ms</Extensions>
    </Filter>
    <Filter Include="Shaders">
      <UniqueIdentifier>{240764f8-c34a-47f2-9029-5d9af957d302}</UniqueIdentifier>
      <Extensions>*.frag,*.vert</Extensions>
    </Filter>
    <Filter Include="Code">
      <UniqueIdentifier>{93995380-89BD-4b04-88EB-625FBE52EBFB}</UniqueIdentifier>
      <Extensions>h;hh;hpp;hxx;hm;inl;inc;ipp;xsd;cpp;c;cc;cxx;def;odl;idl;hpj;bat;asm;asmx</Extensions>
    </Filter>
  </ItemGroup>
  <ItemGroup>
    <ClCompile Include="Application.cpp">
      <Filter>Code</Filter>
    </ClCompile>
    <ClCompile Include="main.cpp">
      <Filter>Code</Filter>
    </ClCompile>
    <ClCompile Include="pch.cpp">
      <Filter>Code</Filter>
    </ClCompile>
    <ClCompile Include="stb_implementation.cpp">
      <Filter>Code</Filter>
    </ClCompile>
    <ClCompile Include="tinyObj_implementation.cpp">
      <Filter>Code</Filter>
    </ClCompile>
    <ClCompile Include="Vertex.cpp">
      <Filter>Code</Filter>
    </ClCompile>
  </ItemGroup>
  <ItemGroup>
    <ClInclude Include="pch.h">
      <Filter>Code</Filter>
    </ClInclude>
    <ClInclude Include="Application.hpp">
      <Filter>Code</Filter>
    </ClInclude>
    <ClInclude Include="Vertex.hpp">
      <Filter>Code</Filter>
    </ClInclude>
  </ItemGroup>
  <ItemGroup>
    <CustomBuild Include="..\resources\shaders\triangle.frag">
      <Filter>Shaders</Filter>
    </CustomBuild>
    <CustomBuild Include="..\resources\shaders\triangle.vert" />
  </ItemGroup>
  <ItemGroup>
    <CopyFileToFolders Include="..\resources\images\texture.jpg">
      <Filter>Resource Files</Filter>
    </CopyFileToFolders>
  </ItemGroup>
  <ItemGroup>
    <Image Include="..\resources\models\chalet.jpg">
      <Filter>Resource Files</Filter>
    </Image>
  </ItemGroup>
  <ItemGroup>
    <Object Include="..\resources\models\chalet.obj">
      <Filter>Resource Files</Filter>
    </Object>
  </ItemGroup>
</Project>